
Microsoft Visual Studio Solution File, Format Version 12.00
# Visual Studio Version 16
VisualStudioVersion = 17.0.31611.283
MinimumVisualStudioVersion = 10.0.40219.1
Project("{FAE04EC0-301F-11D3-BF4B-00C04F79EFBC}") = "Yuda", "Yuda\YuDa.csproj", "{125050A9-F2A4-4C1C-BC56-AD8BD231EF2A}"
EndProject
Global
	GlobalSection(SolutionConfigurationPlatforms) = preSolution
		Debug|Any CPU = Debug|Any CPU
		Release|Any CPU = Release|Any CPU
	EndGlobalSection
	GlobalSection(ProjectConfigurationPlatforms) = postSolution
		{125050A9-F2A4-4C1C-BC56-AD8BD231EF2A}.Debug|Any CPU.ActiveCfg = Debug|Any CPU
		{125050A9-F2A4-4C1C-BC56-AD8BD231EF2A}.Debug|Any CPU.Build.0 = Debug|Any CPU
		{125050A9-F2A4-4C1C-BC56-AD8BD231EF2A}.Debug|Any CPU.Deploy.0 = Debug|Any CPU
		{125050A9-F2A4-4C1C-BC56-AD8BD231EF2A}.Release|Any CPU.ActiveCfg = Release|Any CPU
		{125050A9-F2A4-4C1C-BC56-AD8BD231EF2A}.Release|Any CPU.Build.0 = Release|Any CPU
		{125050A9-F2A4-4C1C-BC56-AD8BD231EF2A}.Release|Any CPU.Deploy.0 = Release|Any CPU
	EndGlobalSection
	GlobalSection(SolutionProperties) = preSolution
		HideSolutionNode = FALSE
	EndGlobalSection
	GlobalSection(ExtensibilityGlobals) = postSolution
		SolutionGuid = {61F7FB11-1E47-470C-91E2-47F8143E1572}
	EndGlobalSection
EndGlobal
